
Microsoft Visual Studio Solution File, Format Version 12.00
# Visual Studio 2013
Project("{FAE04EC0-301F-11D3-BF4B-00C04F79EFBC}") = "Dead Stars.CSharp", "Dead Stars.CSharp.csproj", "{29066E8F-DE78-F54B-4974-CB6191847342}"
EndProject
Global
	GlobalSection(SolutionConfigurationPlatforms) = preSolution
		Debug|Any CPU = Debug|Any CPU
		Release|Any CPU = Release|Any CPU
	EndGlobalSection
	GlobalSection(ProjectConfigurationPlatforms) = postSolution
		{29066E8F-DE78-F54B-4974-CB6191847342}.Debug|Any CPU.ActiveCfg = Debug|Any CPU
		{29066E8F-DE78-F54B-4974-CB6191847342}.Debug|Any CPU.Build.0 = Debug|Any CPU
		{29066E8F-DE78-F54B-4974-CB6191847342}.Release|Any CPU.ActiveCfg = Release|Any CPU
		{29066E8F-DE78-F54B-4974-CB6191847342}.Release|Any CPU.Build.0 = Release|Any CPU
	EndGlobalSection
	GlobalSection(SolutionProperties) = preSolution
		HideSolutionNode = FALSE
	EndGlobalSection
EndGlobal
